
Microsoft Visual Studio Solution File, Format Version 12.00
# Visual Studio Version 16
VisualStudioVersion = 16.0.31424.327
MinimumVisualStudioVersion = 10.0.40219.1
Project("{FAE04EC0-301F-11D3-BF4B-00C04F79EFBC}") = "MilliGolf", "MilliGolf.csproj", "{3EA5DAEB-72A2-4FDE-95B9-E45336777590}"
EndProject
Global
	GlobalSection(SolutionConfigurationPlatforms) = preSolution
		Debug|Any CPU = Debug|Any CPU
		Release|Any CPU = Release|Any CPU
	EndGlobalSection
	GlobalSection(ProjectConfigurationPlatforms) = postSolution
		{3EA5DAEB-72A2-4FDE-95B9-E45336777590}.Debug|Any CPU.ActiveCfg = Debug|Any CPU
		{3EA5DAEB-72A2-4FDE-95B9-E45336777590}.Debug|Any CPU.Build.0 = Debug|Any CPU
		{3EA5DAEB-72A2-4FDE-95B9-E45336777590}.Release|Any CPU.ActiveCfg = Release|Any CPU
		{3EA5DAEB-72A2-4FDE-95B9-E45336777590}.Release|Any CPU.Build.0 = Release|Any CPU
	EndGlobalSection
	GlobalSection(SolutionProperties) = preSolution
		HideSolutionNode = FALSE
	EndGlobalSection
	GlobalSection(ExtensibilityGlobals) = postSolution
		SolutionGuid = {36202FB4-E4F1-4464-8BDD-84CF86191D02}
	EndGlobalSection
EndGlobal
